
Microsoft Visual Studio Solution File, Format Version 12.00
# Visual Studio Version 16
VisualStudioVersion = 16.0.29418.71
MinimumVisualStudioVersion = 10.0.40219.1
Project("{FAE04EC0-301F-11D3-BF4B-00C04F79EFBC}") = "Лабораторная работа 9 (4)", "Лабораторная работа 9 (4)\Лабораторная работа 9 (4).csproj", "{BB69A7A4-508C-497C-B04E-CD29CBB840F2}"
EndProject
Global
	GlobalSection(SolutionConfigurationPlatforms) = preSolution
		Debug|Any CPU = Debug|Any CPU
		Release|Any CPU = Release|Any CPU
	EndGlobalSection
	GlobalSection(ProjectConfigurationPlatforms) = postSolution
		{BB69A7A4-508C-497C-B04E-CD29CBB840F2}.Debug|Any CPU.ActiveCfg = Debug|Any CPU
		{BB69A7A4-508C-497C-B04E-CD29CBB840F2}.Debug|Any CPU.Build.0 = Debug|Any CPU
		{BB69A7A4-508C-497C-B04E-CD29CBB840F2}.Release|Any CPU.ActiveCfg = Release|Any CPU
		{BB69A7A4-508C-497C-B04E-CD29CBB840F2}.Release|Any CPU.Build.0 = Release|Any CPU
	EndGlobalSection
	GlobalSection(SolutionProperties) = preSolution
		HideSolutionNode = FALSE
	EndGlobalSection
	GlobalSection(ExtensibilityGlobals) = postSolution
		SolutionGuid = {08AEADE0-118A-4A96-AEC8-65CE2ADBF72E}
	EndGlobalSection
EndGlobal
