
Microsoft Visual Studio Solution File, Format Version 12.00
# Visual Studio Version 16
VisualStudioVersion = 16.0.29418.71
MinimumVisualStudioVersion = 10.0.40219.1
Project("{FAE04EC0-301F-11D3-BF4B-00C04F79EFBC}") = "Лабораторная работа 6 (2)", "Лабораторная работа 6 (2)\Лабораторная работа 6 (2).csproj", "{B918790B-364B-45F2-9383-F28B0A50B5F8}"
EndProject
Global
	GlobalSection(SolutionConfigurationPlatforms) = preSolution
		Debug|Any CPU = Debug|Any CPU
		Release|Any CPU = Release|Any CPU
	EndGlobalSection
	GlobalSection(ProjectConfigurationPlatforms) = postSolution
		{B918790B-364B-45F2-9383-F28B0A50B5F8}.Debug|Any CPU.ActiveCfg = Debug|Any CPU
		{B918790B-364B-45F2-9383-F28B0A50B5F8}.Debug|Any CPU.Build.0 = Debug|Any CPU
		{B918790B-364B-45F2-9383-F28B0A50B5F8}.Release|Any CPU.ActiveCfg = Release|Any CPU
		{B918790B-364B-45F2-9383-F28B0A50B5F8}.Release|Any CPU.Build.0 = Release|Any CPU
	EndGlobalSection
	GlobalSection(SolutionProperties) = preSolution
		HideSolutionNode = FALSE
	EndGlobalSection
	GlobalSection(ExtensibilityGlobals) = postSolution
		SolutionGuid = {14E548E4-D88D-46C9-A88D-0577B2A3A95D}
	EndGlobalSection
EndGlobal
