
Microsoft Visual Studio Solution File, Format Version 12.00
# Visual Studio Version 16
VisualStudioVersion = 16.0.29418.71
MinimumVisualStudioVersion = 10.0.40219.1
Project("{FAE04EC0-301F-11D3-BF4B-00C04F79EFBC}") = "Лабораторная работа 9 (3)", "Лабораторная работа 9 (3)\Лабораторная работа 9 (3).csproj", "{1607C761-70C5-4363-992C-17B2D023DCF5}"
EndProject
Global
	GlobalSection(SolutionConfigurationPlatforms) = preSolution
		Debug|Any CPU = Debug|Any CPU
		Release|Any CPU = Release|Any CPU
	EndGlobalSection
	GlobalSection(ProjectConfigurationPlatforms) = postSolution
		{1607C761-70C5-4363-992C-17B2D023DCF5}.Debug|Any CPU.ActiveCfg = Debug|Any CPU
		{1607C761-70C5-4363-992C-17B2D023DCF5}.Debug|Any CPU.Build.0 = Debug|Any CPU
		{1607C761-70C5-4363-992C-17B2D023DCF5}.Release|Any CPU.ActiveCfg = Release|Any CPU
		{1607C761-70C5-4363-992C-17B2D023DCF5}.Release|Any CPU.Build.0 = Release|Any CPU
	EndGlobalSection
	GlobalSection(SolutionProperties) = preSolution
		HideSolutionNode = FALSE
	EndGlobalSection
	GlobalSection(ExtensibilityGlobals) = postSolution
		SolutionGuid = {4D69EC7E-067D-4499-9B53-8E9D949011BB}
	EndGlobalSection
EndGlobal
