
Microsoft Visual Studio Solution File, Format Version 12.00
# Visual Studio Version 16
VisualStudioVersion = 16.0.29418.71
MinimumVisualStudioVersion = 10.0.40219.1
Project("{FAE04EC0-301F-11D3-BF4B-00C04F79EFBC}") = "Лабораторная работа 4 (5)", "Лабораторная работа 4 (5)\Лабораторная работа 4 (5).csproj", "{97BDFB4D-E3A5-4038-B1CE-391D01FFD84A}"
EndProject
Global
	GlobalSection(SolutionConfigurationPlatforms) = preSolution
		Debug|Any CPU = Debug|Any CPU
		Release|Any CPU = Release|Any CPU
	EndGlobalSection
	GlobalSection(ProjectConfigurationPlatforms) = postSolution
		{97BDFB4D-E3A5-4038-B1CE-391D01FFD84A}.Debug|Any CPU.ActiveCfg = Debug|Any CPU
		{97BDFB4D-E3A5-4038-B1CE-391D01FFD84A}.Debug|Any CPU.Build.0 = Debug|Any CPU
		{97BDFB4D-E3A5-4038-B1CE-391D01FFD84A}.Release|Any CPU.ActiveCfg = Release|Any CPU
		{97BDFB4D-E3A5-4038-B1CE-391D01FFD84A}.Release|Any CPU.Build.0 = Release|Any CPU
	EndGlobalSection
	GlobalSection(SolutionProperties) = preSolution
		HideSolutionNode = FALSE
	EndGlobalSection
	GlobalSection(ExtensibilityGlobals) = postSolution
		SolutionGuid = {1860CF9B-34F7-4FC2-BB1F-C3BEC9898EA0}
	EndGlobalSection
EndGlobal
