
Microsoft Visual Studio Solution File, Format Version 12.00
# Visual Studio Version 16
VisualStudioVersion = 16.0.29306.81
MinimumVisualStudioVersion = 10.0.40219.1
Project("{FAE04EC0-301F-11D3-BF4B-00C04F79EFBC}") = "Лабораторная работа 3 (4)", "Лабораторная работа 3 (4)\Лабораторная работа 3 (4).csproj", "{45B69EF6-7ED6-4FA0-8D6A-B6224117C279}"
EndProject
Global
	GlobalSection(SolutionConfigurationPlatforms) = preSolution
		Debug|Any CPU = Debug|Any CPU
		Release|Any CPU = Release|Any CPU
	EndGlobalSection
	GlobalSection(ProjectConfigurationPlatforms) = postSolution
		{45B69EF6-7ED6-4FA0-8D6A-B6224117C279}.Debug|Any CPU.ActiveCfg = Debug|Any CPU
		{45B69EF6-7ED6-4FA0-8D6A-B6224117C279}.Debug|Any CPU.Build.0 = Debug|Any CPU
		{45B69EF6-7ED6-4FA0-8D6A-B6224117C279}.Release|Any CPU.ActiveCfg = Release|Any CPU
		{45B69EF6-7ED6-4FA0-8D6A-B6224117C279}.Release|Any CPU.Build.0 = Release|Any CPU
	EndGlobalSection
	GlobalSection(SolutionProperties) = preSolution
		HideSolutionNode = FALSE
	EndGlobalSection
	GlobalSection(ExtensibilityGlobals) = postSolution
		SolutionGuid = {ED1AE98E-811E-412F-AF72-C58039D910E9}
	EndGlobalSection
EndGlobal
