
Microsoft Visual Studio Solution File, Format Version 12.00
# Visual Studio Version 16
VisualStudioVersion = 16.0.29306.81
MinimumVisualStudioVersion = 10.0.40219.1
Project("{FAE04EC0-301F-11D3-BF4B-00C04F79EFBC}") = "Лабораторная работа 3 (6)", "Лабораторная работа 3 (6)\Лабораторная работа 3 (6).csproj", "{74F78C0A-AD7E-4FEF-8A36-5B3E7B3BE229}"
EndProject
Global
	GlobalSection(SolutionConfigurationPlatforms) = preSolution
		Debug|Any CPU = Debug|Any CPU
		Release|Any CPU = Release|Any CPU
	EndGlobalSection
	GlobalSection(ProjectConfigurationPlatforms) = postSolution
		{74F78C0A-AD7E-4FEF-8A36-5B3E7B3BE229}.Debug|Any CPU.ActiveCfg = Debug|Any CPU
		{74F78C0A-AD7E-4FEF-8A36-5B3E7B3BE229}.Debug|Any CPU.Build.0 = Debug|Any CPU
		{74F78C0A-AD7E-4FEF-8A36-5B3E7B3BE229}.Release|Any CPU.ActiveCfg = Release|Any CPU
		{74F78C0A-AD7E-4FEF-8A36-5B3E7B3BE229}.Release|Any CPU.Build.0 = Release|Any CPU
	EndGlobalSection
	GlobalSection(SolutionProperties) = preSolution
		HideSolutionNode = FALSE
	EndGlobalSection
	GlobalSection(ExtensibilityGlobals) = postSolution
		SolutionGuid = {7A5803AF-C385-44EA-985F-FA277B17647E}
	EndGlobalSection
EndGlobal
