
Microsoft Visual Studio Solution File, Format Version 12.00
# Visual Studio Version 16
VisualStudioVersion = 16.0.29418.71
MinimumVisualStudioVersion = 10.0.40219.1
Project("{FAE04EC0-301F-11D3-BF4B-00C04F79EFBC}") = "Лабораторная работа 10 (3)", "Лабораторная работа 10 (3)\Лабораторная работа 10 (3).csproj", "{4FD526FF-42B2-4160-ABBB-DDE695129CA0}"
EndProject
Global
	GlobalSection(SolutionConfigurationPlatforms) = preSolution
		Debug|Any CPU = Debug|Any CPU
		Release|Any CPU = Release|Any CPU
	EndGlobalSection
	GlobalSection(ProjectConfigurationPlatforms) = postSolution
		{4FD526FF-42B2-4160-ABBB-DDE695129CA0}.Debug|Any CPU.ActiveCfg = Debug|Any CPU
		{4FD526FF-42B2-4160-ABBB-DDE695129CA0}.Debug|Any CPU.Build.0 = Debug|Any CPU
		{4FD526FF-42B2-4160-ABBB-DDE695129CA0}.Release|Any CPU.ActiveCfg = Release|Any CPU
		{4FD526FF-42B2-4160-ABBB-DDE695129CA0}.Release|Any CPU.Build.0 = Release|Any CPU
	EndGlobalSection
	GlobalSection(SolutionProperties) = preSolution
		HideSolutionNode = FALSE
	EndGlobalSection
	GlobalSection(ExtensibilityGlobals) = postSolution
		SolutionGuid = {28292B2A-357E-462F-97A7-FE52D1AAA879}
	EndGlobalSection
EndGlobal
