
Microsoft Visual Studio Solution File, Format Version 12.00
# Visual Studio Version 16
VisualStudioVersion = 16.0.29418.71
MinimumVisualStudioVersion = 10.0.40219.1
Project("{FAE04EC0-301F-11D3-BF4B-00C04F79EFBC}") = "Лабораторная работа 12", "Лабораторная работа 12\Лабораторная работа 12.csproj", "{DC1730AA-DD53-4DD8-A7D1-F20008541F24}"
EndProject
Global
	GlobalSection(SolutionConfigurationPlatforms) = preSolution
		Debug|Any CPU = Debug|Any CPU
		Release|Any CPU = Release|Any CPU
	EndGlobalSection
	GlobalSection(ProjectConfigurationPlatforms) = postSolution
		{DC1730AA-DD53-4DD8-A7D1-F20008541F24}.Debug|Any CPU.ActiveCfg = Debug|Any CPU
		{DC1730AA-DD53-4DD8-A7D1-F20008541F24}.Debug|Any CPU.Build.0 = Debug|Any CPU
		{DC1730AA-DD53-4DD8-A7D1-F20008541F24}.Release|Any CPU.ActiveCfg = Release|Any CPU
		{DC1730AA-DD53-4DD8-A7D1-F20008541F24}.Release|Any CPU.Build.0 = Release|Any CPU
	EndGlobalSection
	GlobalSection(SolutionProperties) = preSolution
		HideSolutionNode = FALSE
	EndGlobalSection
	GlobalSection(ExtensibilityGlobals) = postSolution
		SolutionGuid = {9A0C29EE-74B8-42B9-ACD4-3955D8B50525}
	EndGlobalSection
EndGlobal
