
Microsoft Visual Studio Solution File, Format Version 12.00
# Visual Studio Version 16
VisualStudioVersion = 16.0.29418.71
MinimumVisualStudioVersion = 10.0.40219.1
Project("{FAE04EC0-301F-11D3-BF4B-00C04F79EFBC}") = "Лабораторная работа 4 (1)", "Лабораторная работа 4 (1)\Лабораторная работа 4 (1).csproj", "{06E9019A-FE10-4F7F-8E49-6F96221B07DC}"
EndProject
Global
	GlobalSection(SolutionConfigurationPlatforms) = preSolution
		Debug|Any CPU = Debug|Any CPU
		Release|Any CPU = Release|Any CPU
	EndGlobalSection
	GlobalSection(ProjectConfigurationPlatforms) = postSolution
		{06E9019A-FE10-4F7F-8E49-6F96221B07DC}.Debug|Any CPU.ActiveCfg = Debug|Any CPU
		{06E9019A-FE10-4F7F-8E49-6F96221B07DC}.Debug|Any CPU.Build.0 = Debug|Any CPU
		{06E9019A-FE10-4F7F-8E49-6F96221B07DC}.Release|Any CPU.ActiveCfg = Release|Any CPU
		{06E9019A-FE10-4F7F-8E49-6F96221B07DC}.Release|Any CPU.Build.0 = Release|Any CPU
	EndGlobalSection
	GlobalSection(SolutionProperties) = preSolution
		HideSolutionNode = FALSE
	EndGlobalSection
	GlobalSection(ExtensibilityGlobals) = postSolution
		SolutionGuid = {60466173-3C33-4AAA-93CA-BD11584D3F78}
	EndGlobalSection
EndGlobal
