
Microsoft Visual Studio Solution File, Format Version 12.00
# Visual Studio Version 16
VisualStudioVersion = 16.0.29306.81
MinimumVisualStudioVersion = 10.0.40219.1
Project("{FAE04EC0-301F-11D3-BF4B-00C04F79EFBC}") = "Лабораторная работа 3 (7)", "Лабораторная работа 3 (7)\Лабораторная работа 3 (7).csproj", "{B2E98543-19FE-4ECD-B518-723AC8F46C98}"
EndProject
Global
	GlobalSection(SolutionConfigurationPlatforms) = preSolution
		Debug|Any CPU = Debug|Any CPU
		Release|Any CPU = Release|Any CPU
	EndGlobalSection
	GlobalSection(ProjectConfigurationPlatforms) = postSolution
		{B2E98543-19FE-4ECD-B518-723AC8F46C98}.Debug|Any CPU.ActiveCfg = Debug|Any CPU
		{B2E98543-19FE-4ECD-B518-723AC8F46C98}.Debug|Any CPU.Build.0 = Debug|Any CPU
		{B2E98543-19FE-4ECD-B518-723AC8F46C98}.Release|Any CPU.ActiveCfg = Release|Any CPU
		{B2E98543-19FE-4ECD-B518-723AC8F46C98}.Release|Any CPU.Build.0 = Release|Any CPU
	EndGlobalSection
	GlobalSection(SolutionProperties) = preSolution
		HideSolutionNode = FALSE
	EndGlobalSection
	GlobalSection(ExtensibilityGlobals) = postSolution
		SolutionGuid = {B2B16E76-E312-4C01-B71F-C23FB3E41DCB}
	EndGlobalSection
EndGlobal
