
Microsoft Visual Studio Solution File, Format Version 12.00
# Visual Studio Version 16
VisualStudioVersion = 16.0.29418.71
MinimumVisualStudioVersion = 10.0.40219.1
Project("{FAE04EC0-301F-11D3-BF4B-00C04F79EFBC}") = "Лабораторная работа 5 (3)", "Лабораторная работа 5 (3)\Лабораторная работа 5 (3).csproj", "{EAEAD8E2-7A67-4918-AD2C-85A41472F8FF}"
EndProject
Global
	GlobalSection(SolutionConfigurationPlatforms) = preSolution
		Debug|Any CPU = Debug|Any CPU
		Release|Any CPU = Release|Any CPU
	EndGlobalSection
	GlobalSection(ProjectConfigurationPlatforms) = postSolution
		{EAEAD8E2-7A67-4918-AD2C-85A41472F8FF}.Debug|Any CPU.ActiveCfg = Debug|Any CPU
		{EAEAD8E2-7A67-4918-AD2C-85A41472F8FF}.Debug|Any CPU.Build.0 = Debug|Any CPU
		{EAEAD8E2-7A67-4918-AD2C-85A41472F8FF}.Release|Any CPU.ActiveCfg = Release|Any CPU
		{EAEAD8E2-7A67-4918-AD2C-85A41472F8FF}.Release|Any CPU.Build.0 = Release|Any CPU
	EndGlobalSection
	GlobalSection(SolutionProperties) = preSolution
		HideSolutionNode = FALSE
	EndGlobalSection
	GlobalSection(ExtensibilityGlobals) = postSolution
		SolutionGuid = {F46FDC52-20F9-4298-88C3-E3CCDEA6170C}
	EndGlobalSection
EndGlobal
