
Microsoft Visual Studio Solution File, Format Version 12.00
# Visual Studio Version 16
VisualStudioVersion = 16.0.29418.71
MinimumVisualStudioVersion = 10.0.40219.1
Project("{FAE04EC0-301F-11D3-BF4B-00C04F79EFBC}") = "Лабораторная работа 7 (3)", "Лабораторная работа 7 (3)\Лабораторная работа 7 (3).csproj", "{CA9CD041-1F9E-423E-B044-0A5A7D7523C6}"
EndProject
Global
	GlobalSection(SolutionConfigurationPlatforms) = preSolution
		Debug|Any CPU = Debug|Any CPU
		Release|Any CPU = Release|Any CPU
	EndGlobalSection
	GlobalSection(ProjectConfigurationPlatforms) = postSolution
		{CA9CD041-1F9E-423E-B044-0A5A7D7523C6}.Debug|Any CPU.ActiveCfg = Debug|Any CPU
		{CA9CD041-1F9E-423E-B044-0A5A7D7523C6}.Debug|Any CPU.Build.0 = Debug|Any CPU
		{CA9CD041-1F9E-423E-B044-0A5A7D7523C6}.Release|Any CPU.ActiveCfg = Release|Any CPU
		{CA9CD041-1F9E-423E-B044-0A5A7D7523C6}.Release|Any CPU.Build.0 = Release|Any CPU
	EndGlobalSection
	GlobalSection(SolutionProperties) = preSolution
		HideSolutionNode = FALSE
	EndGlobalSection
	GlobalSection(ExtensibilityGlobals) = postSolution
		SolutionGuid = {99D5726F-8FA8-4A0E-A27D-1EABB400CD04}
	EndGlobalSection
EndGlobal
