
Microsoft Visual Studio Solution File, Format Version 12.00
# Visual Studio Version 16
VisualStudioVersion = 16.0.29306.81
MinimumVisualStudioVersion = 10.0.40219.1
Project("{FAE04EC0-301F-11D3-BF4B-00C04F79EFBC}") = "Лабораторная работа 1 (1)", "Лабораторная работа 1 (1)\Лабораторная работа 1 (1).csproj", "{99436C02-B379-498A-BDF3-1E5E00DD4A4F}"
EndProject
Global
	GlobalSection(SolutionConfigurationPlatforms) = preSolution
		Debug|Any CPU = Debug|Any CPU
		Release|Any CPU = Release|Any CPU
	EndGlobalSection
	GlobalSection(ProjectConfigurationPlatforms) = postSolution
		{99436C02-B379-498A-BDF3-1E5E00DD4A4F}.Debug|Any CPU.ActiveCfg = Debug|Any CPU
		{99436C02-B379-498A-BDF3-1E5E00DD4A4F}.Debug|Any CPU.Build.0 = Debug|Any CPU
		{99436C02-B379-498A-BDF3-1E5E00DD4A4F}.Release|Any CPU.ActiveCfg = Release|Any CPU
		{99436C02-B379-498A-BDF3-1E5E00DD4A4F}.Release|Any CPU.Build.0 = Release|Any CPU
	EndGlobalSection
	GlobalSection(SolutionProperties) = preSolution
		HideSolutionNode = FALSE
	EndGlobalSection
	GlobalSection(ExtensibilityGlobals) = postSolution
		SolutionGuid = {79E269DA-5199-454B-9251-10B3AD6F9D5E}
	EndGlobalSection
EndGlobal
