
Microsoft Visual Studio Solution File, Format Version 12.00
# Visual Studio Version 16
VisualStudioVersion = 16.0.29418.71
MinimumVisualStudioVersion = 10.0.40219.1
Project("{FAE04EC0-301F-11D3-BF4B-00C04F79EFBC}") = "Лабораторная работа 9 (2)", "Лабораторная работа 9 (2)\Лабораторная работа 9 (2).csproj", "{73B9E630-5E36-4A0C-A57B-BD3976FD6F6A}"
EndProject
Global
	GlobalSection(SolutionConfigurationPlatforms) = preSolution
		Debug|Any CPU = Debug|Any CPU
		Release|Any CPU = Release|Any CPU
	EndGlobalSection
	GlobalSection(ProjectConfigurationPlatforms) = postSolution
		{73B9E630-5E36-4A0C-A57B-BD3976FD6F6A}.Debug|Any CPU.ActiveCfg = Debug|Any CPU
		{73B9E630-5E36-4A0C-A57B-BD3976FD6F6A}.Debug|Any CPU.Build.0 = Debug|Any CPU
		{73B9E630-5E36-4A0C-A57B-BD3976FD6F6A}.Release|Any CPU.ActiveCfg = Release|Any CPU
		{73B9E630-5E36-4A0C-A57B-BD3976FD6F6A}.Release|Any CPU.Build.0 = Release|Any CPU
	EndGlobalSection
	GlobalSection(SolutionProperties) = preSolution
		HideSolutionNode = FALSE
	EndGlobalSection
	GlobalSection(ExtensibilityGlobals) = postSolution
		SolutionGuid = {F2F6F298-1459-419D-9AFA-889D488306E7}
	EndGlobalSection
EndGlobal
